
Microsoft Visual Studio Solution File, Format Version 11.00
# Visual Studio 2010
Project("{FAE04EC0-301F-11D3-BF4B-00C04F79EFBC}") = "MoreMountains.Tools", "MoreMountains.Tools.csproj", "{12e18d3c-1be5-cfc6-e980-2c6f07b2167e}"
EndProject
Project("{FAE04EC0-301F-11D3-BF4B-00C04F79EFBC}") = "FishNet.Runtime", "FishNet.Runtime.csproj", "{539171b5-292a-9b6f-10ef-ad2ba1850558}"
EndProject
Project("{FAE04EC0-301F-11D3-BF4B-00C04F79EFBC}") = "MoreMountains.Feedbacks.URP", "MoreMountains.Feedbacks.URP.csproj", "{2588591b-5e0c-f315-04c1-63e3983addb9}"
EndProject
Project("{FAE04EC0-301F-11D3-BF4B-00C04F79EFBC}") = "FishNet.Example", "FishNet.Example.csproj", "{eded1d2b-14ba-ccd9-2724-85c0ab1617e2}"
EndProject
Project("{FAE04EC0-301F-11D3-BF4B-00C04F79EFBC}") = "MoreMountains.TopDownEngine", "MoreMountains.TopDownEngine.csproj", "{2d5a70a1-b0ba-7d47-3d5a-120803e11684}"
EndProject
Project("{FAE04EC0-301F-11D3-BF4B-00C04F79EFBC}") = "MoreMountains.Feedbacks", "MoreMountains.Feedbacks.csproj", "{c709f0ca-dc7e-bf12-9921-a180592dea64}"
EndProject
Project("{FAE04EC0-301F-11D3-BF4B-00C04F79EFBC}") = "FishNet.Codegen.Cecil", "FishNet.Codegen.Cecil.csproj", "{8348a742-ea7a-3568-814f-7d2bc0b240b9}"
EndProject
Project("{FAE04EC0-301F-11D3-BF4B-00C04F79EFBC}") = "FishNet.Generated", "FishNet.Generated.csproj", "{f895b4e5-6166-a0ef-76a0-fd0ec5c3aeb6}"
EndProject
Project("{FAE04EC0-301F-11D3-BF4B-00C04F79EFBC}") = "MoreMountains.Feedbacks.MMTools", "MoreMountains.Feedbacks.MMTools.csproj", "{c7ac0884-5748-8600-c1bb-f4a491947133}"
EndProject
Project("{FAE04EC0-301F-11D3-BF4B-00C04F79EFBC}") = "MoreMountains.TopDownEngine.Editor", "MoreMountains.TopDownEngine.Editor.csproj", "{d6837e66-d0b8-a026-4c11-8605f138195d}"
EndProject
Project("{FAE04EC0-301F-11D3-BF4B-00C04F79EFBC}") = "Unity.FishNet.Codegen", "Unity.FishNet.Codegen.csproj", "{0004b7c0-aadd-88bc-563d-c61ead4d23cf}"
EndProject
Project("{FAE04EC0-301F-11D3-BF4B-00C04F79EFBC}") = "FMODUnityEditor", "FMODUnityEditor.csproj", "{69bebd89-db64-7be1-2792-96aaa082373f}"
EndProject
Project("{FAE04EC0-301F-11D3-BF4B-00C04F79EFBC}") = "MoreMountains.Feedbacks.NiceVibrations", "MoreMountains.Feedbacks.NiceVibrations.csproj", "{9a50f0fe-2800-8566-a91c-0617fab8a650}"
EndProject
Project("{FAE04EC0-301F-11D3-BF4B-00C04F79EFBC}") = "MoreMountains.Feedbacks.TextMeshPro", "MoreMountains.Feedbacks.TextMeshPro.csproj", "{f5e2c84e-dbee-7511-f1b6-b2bdf0da3c15}"
EndProject
Project("{FAE04EC0-301F-11D3-BF4B-00C04F79EFBC}") = "MoreMountains.Tools.Editor", "MoreMountains.Tools.Editor.csproj", "{fdd03fb1-bdde-e1d2-af75-6ad308cfcaf4}"
EndProject
Project("{FAE04EC0-301F-11D3-BF4B-00C04F79EFBC}") = "MoreMountains.Interface", "MoreMountains.Interface.csproj", "{4d8f0077-6aa5-22d4-b936-59a34ae46484}"
EndProject
Project("{FAE04EC0-301F-11D3-BF4B-00C04F79EFBC}") = "MoreMountains.Feedbacks.Editor", "MoreMountains.Feedbacks.Editor.csproj", "{709bb089-4965-aa88-7358-dc7dcbcbb0a5}"
EndProject
Project("{FAE04EC0-301F-11D3-BF4B-00C04F79EFBC}") = "MoreMountains.InventoryEngine", "MoreMountains.InventoryEngine.csproj", "{feeb3d46-d004-43df-0bde-3e96445360b2}"
EndProject
Project("{FAE04EC0-301F-11D3-BF4B-00C04F79EFBC}") = "MoreMountains.Interface.Editor", "MoreMountains.Interface.Editor.csproj", "{796fe83d-645e-4e93-df91-4803dd513927}"
EndProject
Project("{FAE04EC0-301F-11D3-BF4B-00C04F79EFBC}") = "MoreMountains.Feedbacks.HDRP", "MoreMountains.Feedbacks.HDRP.csproj", "{b222e9c9-2ffd-8fe0-02a0-095f004fcb8d}"
EndProject
Project("{FAE04EC0-301F-11D3-BF4B-00C04F79EFBC}") = "MoreMountains.Feedbacks.PostProcessing", "MoreMountains.Feedbacks.PostProcessing.csproj", "{e1776e72-8e1f-0d8d-ab92-f37756e2529e}"
EndProject
Project("{FAE04EC0-301F-11D3-BF4B-00C04F79EFBC}") = "MoreMountains.InventoryEngine.Editor", "MoreMountains.InventoryEngine.Editor.csproj", "{84ef4592-9f81-a254-cbc6-94084efb0f54}"
EndProject
Project("{FAE04EC0-301F-11D3-BF4B-00C04F79EFBC}") = "FMODUnityResonanceEditor", "FMODUnityResonanceEditor.csproj", "{cdeee245-b319-ef98-f2e8-2922a0eca9b2}"
EndProject
Project("{FAE04EC0-301F-11D3-BF4B-00C04F79EFBC}") = "FMODUnity", "FMODUnity.csproj", "{9fc93056-39fa-442a-e89d-2d9466d260ff}"
EndProject
Project("{FAE04EC0-301F-11D3-BF4B-00C04F79EFBC}") = "MoreMountains.Feedbacks.Cinemachine", "MoreMountains.Feedbacks.Cinemachine.csproj", "{26f88259-5ca8-b009-3e10-fc8ae29e0b5c}"
EndProject
Project("{FAE04EC0-301F-11D3-BF4B-00C04F79EFBC}") = "Assembly-CSharp", "Assembly-CSharp.csproj", "{f3d5f5a9-4e4c-1999-94d0-6e1df02f25d7}"
EndProject
Project("{FAE04EC0-301F-11D3-BF4B-00C04F79EFBC}") = "FMODUnityResonance", "FMODUnityResonance.csproj", "{b13bcdfb-50e8-4906-3fbe-835dfc25cf43}"
EndProject
Project("{FAE04EC0-301F-11D3-BF4B-00C04F79EFBC}") = "Assembly-CSharp-Editor", "Assembly-CSharp-Editor.csproj", "{e108c65d-0753-54b8-8111-2e79b1b8a544}"
EndProject
Project("{FAE04EC0-301F-11D3-BF4B-00C04F79EFBC}") = "MoreMountains.Feedbacks.Authorizations", "MoreMountains.Feedbacks.Authorizations.csproj", "{24987f78-bf8d-64b3-1192-7b6e749d77f8}"
EndProject
Project("{FAE04EC0-301F-11D3-BF4B-00C04F79EFBC}") = "NavMeshComponents", "NavMeshComponents.csproj", "{332b9adb-99ef-b52e-377a-4f46f8c446fc}"
EndProject
Project("{FAE04EC0-301F-11D3-BF4B-00C04F79EFBC}") = "MoreMountains.TopDownEngine.InputSystem", "MoreMountains.TopDownEngine.InputSystem.csproj", "{76a0bcb9-78b3-e8b7-b1c9-690097f702d7}"
EndProject
Global
	GlobalSection(SolutionConfigurationPlatforms) = preSolution
		Debug|Any CPU = Debug|Any CPU
	EndGlobalSection
	GlobalSection(ProjectConfigurationPlatforms) = postSolution
		{12e18d3c-1be5-cfc6-e980-2c6f07b2167e}.Debug|Any CPU.ActiveCfg = Debug|Any CPU
		{12e18d3c-1be5-cfc6-e980-2c6f07b2167e}.Debug|Any CPU.Build.0 = Debug|Any CPU
		{539171b5-292a-9b6f-10ef-ad2ba1850558}.Debug|Any CPU.ActiveCfg = Debug|Any CPU
		{539171b5-292a-9b6f-10ef-ad2ba1850558}.Debug|Any CPU.Build.0 = Debug|Any CPU
		{2588591b-5e0c-f315-04c1-63e3983addb9}.Debug|Any CPU.ActiveCfg = Debug|Any CPU
		{2588591b-5e0c-f315-04c1-63e3983addb9}.Debug|Any CPU.Build.0 = Debug|Any CPU
		{eded1d2b-14ba-ccd9-2724-85c0ab1617e2}.Debug|Any CPU.ActiveCfg = Debug|Any CPU
		{eded1d2b-14ba-ccd9-2724-85c0ab1617e2}.Debug|Any CPU.Build.0 = Debug|Any CPU
		{2d5a70a1-b0ba-7d47-3d5a-120803e11684}.Debug|Any CPU.ActiveCfg = Debug|Any CPU
		{2d5a70a1-b0ba-7d47-3d5a-120803e11684}.Debug|Any CPU.Build.0 = Debug|Any CPU
		{c709f0ca-dc7e-bf12-9921-a180592dea64}.Debug|Any CPU.ActiveCfg = Debug|Any CPU
		{c709f0ca-dc7e-bf12-9921-a180592dea64}.Debug|Any CPU.Build.0 = Debug|Any CPU
		{8348a742-ea7a-3568-814f-7d2bc0b240b9}.Debug|Any CPU.ActiveCfg = Debug|Any CPU
		{8348a742-ea7a-3568-814f-7d2bc0b240b9}.Debug|Any CPU.Build.0 = Debug|Any CPU
		{f895b4e5-6166-a0ef-76a0-fd0ec5c3aeb6}.Debug|Any CPU.ActiveCfg = Debug|Any CPU
		{f895b4e5-6166-a0ef-76a0-fd0ec5c3aeb6}.Debug|Any CPU.Build.0 = Debug|Any CPU
		{c7ac0884-5748-8600-c1bb-f4a491947133}.Debug|Any CPU.ActiveCfg = Debug|Any CPU
		{c7ac0884-5748-8600-c1bb-f4a491947133}.Debug|Any CPU.Build.0 = Debug|Any CPU
		{d6837e66-d0b8-a026-4c11-8605f138195d}.Debug|Any CPU.ActiveCfg = Debug|Any CPU
		{d6837e66-d0b8-a026-4c11-8605f138195d}.Debug|Any CPU.Build.0 = Debug|Any CPU
		{0004b7c0-aadd-88bc-563d-c61ead4d23cf}.Debug|Any CPU.ActiveCfg = Debug|Any CPU
		{0004b7c0-aadd-88bc-563d-c61ead4d23cf}.Debug|Any CPU.Build.0 = Debug|Any CPU
		{69bebd89-db64-7be1-2792-96aaa082373f}.Debug|Any CPU.ActiveCfg = Debug|Any CPU
		{69bebd89-db64-7be1-2792-96aaa082373f}.Debug|Any CPU.Build.0 = Debug|Any CPU
		{9a50f0fe-2800-8566-a91c-0617fab8a650}.Debug|Any CPU.ActiveCfg = Debug|Any CPU
		{9a50f0fe-2800-8566-a91c-0617fab8a650}.Debug|Any CPU.Build.0 = Debug|Any CPU
		{f5e2c84e-dbee-7511-f1b6-b2bdf0da3c15}.Debug|Any CPU.ActiveCfg = Debug|Any CPU
		{f5e2c84e-dbee-7511-f1b6-b2bdf0da3c15}.Debug|Any CPU.Build.0 = Debug|Any CPU
		{fdd03fb1-bdde-e1d2-af75-6ad308cfcaf4}.Debug|Any CPU.ActiveCfg = Debug|Any CPU
		{fdd03fb1-bdde-e1d2-af75-6ad308cfcaf4}.Debug|Any CPU.Build.0 = Debug|Any CPU
		{4d8f0077-6aa5-22d4-b936-59a34ae46484}.Debug|Any CPU.ActiveCfg = Debug|Any CPU
		{4d8f0077-6aa5-22d4-b936-59a34ae46484}.Debug|Any CPU.Build.0 = Debug|Any CPU
		{709bb089-4965-aa88-7358-dc7dcbcbb0a5}.Debug|Any CPU.ActiveCfg = Debug|Any CPU
		{709bb089-4965-aa88-7358-dc7dcbcbb0a5}.Debug|Any CPU.Build.0 = Debug|Any CPU
		{feeb3d46-d004-43df-0bde-3e96445360b2}.Debug|Any CPU.ActiveCfg = Debug|Any CPU
		{feeb3d46-d004-43df-0bde-3e96445360b2}.Debug|Any CPU.Build.0 = Debug|Any CPU
		{796fe83d-645e-4e93-df91-4803dd513927}.Debug|Any CPU.ActiveCfg = Debug|Any CPU
		{796fe83d-645e-4e93-df91-4803dd513927}.Debug|Any CPU.Build.0 = Debug|Any CPU
		{b222e9c9-2ffd-8fe0-02a0-095f004fcb8d}.Debug|Any CPU.ActiveCfg = Debug|Any CPU
		{b222e9c9-2ffd-8fe0-02a0-095f004fcb8d}.Debug|Any CPU.Build.0 = Debug|Any CPU
		{e1776e72-8e1f-0d8d-ab92-f37756e2529e}.Debug|Any CPU.ActiveCfg = Debug|Any CPU
		{e1776e72-8e1f-0d8d-ab92-f37756e2529e}.Debug|Any CPU.Build.0 = Debug|Any CPU
		{84ef4592-9f81-a254-cbc6-94084efb0f54}.Debug|Any CPU.ActiveCfg = Debug|Any CPU
		{84ef4592-9f81-a254-cbc6-94084efb0f54}.Debug|Any CPU.Build.0 = Debug|Any CPU
		{cdeee245-b319-ef98-f2e8-2922a0eca9b2}.Debug|Any CPU.ActiveCfg = Debug|Any CPU
		{cdeee245-b319-ef98-f2e8-2922a0eca9b2}.Debug|Any CPU.Build.0 = Debug|Any CPU
		{9fc93056-39fa-442a-e89d-2d9466d260ff}.Debug|Any CPU.ActiveCfg = Debug|Any CPU
		{9fc93056-39fa-442a-e89d-2d9466d260ff}.Debug|Any CPU.Build.0 = Debug|Any CPU
		{26f88259-5ca8-b009-3e10-fc8ae29e0b5c}.Debug|Any CPU.ActiveCfg = Debug|Any CPU
		{26f88259-5ca8-b009-3e10-fc8ae29e0b5c}.Debug|Any CPU.Build.0 = Debug|Any CPU
		{f3d5f5a9-4e4c-1999-94d0-6e1df02f25d7}.Debug|Any CPU.ActiveCfg = Debug|Any CPU
		{f3d5f5a9-4e4c-1999-94d0-6e1df02f25d7}.Debug|Any CPU.Build.0 = Debug|Any CPU
		{b13bcdfb-50e8-4906-3fbe-835dfc25cf43}.Debug|Any CPU.ActiveCfg = Debug|Any CPU
		{b13bcdfb-50e8-4906-3fbe-835dfc25cf43}.Debug|Any CPU.Build.0 = Debug|Any CPU
		{e108c65d-0753-54b8-8111-2e79b1b8a544}.Debug|Any CPU.ActiveCfg = Debug|Any CPU
		{e108c65d-0753-54b8-8111-2e79b1b8a544}.Debug|Any CPU.Build.0 = Debug|Any CPU
		{24987f78-bf8d-64b3-1192-7b6e749d77f8}.Debug|Any CPU.ActiveCfg = Debug|Any CPU
		{24987f78-bf8d-64b3-1192-7b6e749d77f8}.Debug|Any CPU.Build.0 = Debug|Any CPU
		{332b9adb-99ef-b52e-377a-4f46f8c446fc}.Debug|Any CPU.ActiveCfg = Debug|Any CPU
		{332b9adb-99ef-b52e-377a-4f46f8c446fc}.Debug|Any CPU.Build.0 = Debug|Any CPU
		{76a0bcb9-78b3-e8b7-b1c9-690097f702d7}.Debug|Any CPU.ActiveCfg = Debug|Any CPU
		{76a0bcb9-78b3-e8b7-b1c9-690097f702d7}.Debug|Any CPU.Build.0 = Debug|Any CPU
	EndGlobalSection
	GlobalSection(SolutionProperties) = preSolution
		HideSolutionNode = FALSE
	EndGlobalSection
EndGlobal
