
Microsoft Visual Studio Solution File, Format Version 12.00
# Visual Studio 15
Project("{FAE04EC0-301F-11D3-BF4B-00C04F79EFBC}") = "MoreMountains.Tools", "MoreMountains.Tools.csproj", "{3C8DE112-E51B-C6CF-E980-2C6F07B2167E}"
EndProject
Project("{FAE04EC0-301F-11D3-BF4B-00C04F79EFBC}") = "FishNet.Runtime", "FishNet.Runtime.csproj", "{B5719153-2A29-6F9B-10EF-AD2BA1850558}"
EndProject
Project("{FAE04EC0-301F-11D3-BF4B-00C04F79EFBC}") = "MoreMountains.Feedbacks.URP", "MoreMountains.Feedbacks.URP.csproj", "{1B598825-0C5E-15F3-04C1-63E3983ADDB9}"
EndProject
Project("{FAE04EC0-301F-11D3-BF4B-00C04F79EFBC}") = "FishNet.Example", "FishNet.Example.csproj", "{2B1DEDED-BA14-D9CC-2724-85C0AB1617E2}"
EndProject
Project("{FAE04EC0-301F-11D3-BF4B-00C04F79EFBC}") = "MoreMountains.TopDownEngine", "MoreMountains.TopDownEngine.csproj", "{A1705A2D-BAB0-477D-3D5A-120803E11684}"
EndProject
Project("{FAE04EC0-301F-11D3-BF4B-00C04F79EFBC}") = "MoreMountains.Feedbacks", "MoreMountains.Feedbacks.csproj", "{CAF009C7-7EDC-12BF-9921-A180592DEA64}"
EndProject
Project("{FAE04EC0-301F-11D3-BF4B-00C04F79EFBC}") = "FishNet.Codegen.Cecil", "FishNet.Codegen.Cecil.csproj", "{42A74883-7AEA-6835-814F-7D2BC0B240B9}"
EndProject
Project("{FAE04EC0-301F-11D3-BF4B-00C04F79EFBC}") = "FishNet.Generated", "FishNet.Generated.csproj", "{E5B495F8-6661-EFA0-76A0-FD0EC5C3AEB6}"
EndProject
Project("{FAE04EC0-301F-11D3-BF4B-00C04F79EFBC}") = "MoreMountains.Feedbacks.MMTools", "MoreMountains.Feedbacks.MMTools.csproj", "{8408ACC7-4857-0086-C1BB-F4A491947133}"
EndProject
Project("{FAE04EC0-301F-11D3-BF4B-00C04F79EFBC}") = "MoreMountains.TopDownEngine.Editor", "MoreMountains.TopDownEngine.Editor.csproj", "{667E83D6-B8D0-26A0-4C11-8605F138195D}"
EndProject
Project("{FAE04EC0-301F-11D3-BF4B-00C04F79EFBC}") = "Unity.FishNet.Codegen", "Unity.FishNet.Codegen.csproj", "{C0B70400-DDAA-BC88-563D-C61EAD4D23CF}"
EndProject
Project("{FAE04EC0-301F-11D3-BF4B-00C04F79EFBC}") = "FMODUnityEditor", "FMODUnityEditor.csproj", "{89BDBE69-64DB-E17B-2792-96AAA082373F}"
EndProject
Project("{FAE04EC0-301F-11D3-BF4B-00C04F79EFBC}") = "MoreMountains.Feedbacks.NiceVibrations", "MoreMountains.Feedbacks.NiceVibrations.csproj", "{FEF0509A-0028-6685-A91C-0617FAB8A650}"
EndProject
Project("{FAE04EC0-301F-11D3-BF4B-00C04F79EFBC}") = "MoreMountains.Feedbacks.TextMeshPro", "MoreMountains.Feedbacks.TextMeshPro.csproj", "{4EC8E2F5-EEDB-1175-F1B6-B2BDF0DA3C15}"
EndProject
Project("{FAE04EC0-301F-11D3-BF4B-00C04F79EFBC}") = "MoreMountains.Tools.Editor", "MoreMountains.Tools.Editor.csproj", "{B13FD0FD-DEBD-D2E1-AF75-6AD308CFCAF4}"
EndProject
Project("{FAE04EC0-301F-11D3-BF4B-00C04F79EFBC}") = "MoreMountains.Interface", "MoreMountains.Interface.csproj", "{77008F4D-A56A-D422-B936-59A34AE46484}"
EndProject
Project("{FAE04EC0-301F-11D3-BF4B-00C04F79EFBC}") = "MoreMountains.Feedbacks.Editor", "MoreMountains.Feedbacks.Editor.csproj", "{89B09B70-6549-88AA-7358-DC7DCBCBB0A5}"
EndProject
Project("{FAE04EC0-301F-11D3-BF4B-00C04F79EFBC}") = "MoreMountains.InventoryEngine", "MoreMountains.InventoryEngine.csproj", "{463DEBFE-04D0-DF43-0BDE-3E96445360B2}"
EndProject
Project("{FAE04EC0-301F-11D3-BF4B-00C04F79EFBC}") = "MoreMountains.Interface.Editor", "MoreMountains.Interface.Editor.csproj", "{3DE86F79-5E64-934E-DF91-4803DD513927}"
EndProject
Project("{FAE04EC0-301F-11D3-BF4B-00C04F79EFBC}") = "MoreMountains.Feedbacks.HDRP", "MoreMountains.Feedbacks.HDRP.csproj", "{C9E922B2-FD2F-E08F-02A0-095F004FCB8D}"
EndProject
Project("{FAE04EC0-301F-11D3-BF4B-00C04F79EFBC}") = "MoreMountains.Feedbacks.PostProcessing", "MoreMountains.Feedbacks.PostProcessing.csproj", "{726E77E1-1F8E-8D0D-AB92-F37756E2529E}"
EndProject
Project("{FAE04EC0-301F-11D3-BF4B-00C04F79EFBC}") = "MoreMountains.InventoryEngine.Editor", "MoreMountains.InventoryEngine.Editor.csproj", "{9245EF84-819F-54A2-CBC6-94084EFB0F54}"
EndProject
Project("{FAE04EC0-301F-11D3-BF4B-00C04F79EFBC}") = "FMODUnityResonanceEditor", "FMODUnityResonanceEditor.csproj", "{45E2EECD-19B3-98EF-F2E8-2922A0ECA9B2}"
EndProject
Project("{FAE04EC0-301F-11D3-BF4B-00C04F79EFBC}") = "FMODUnity", "FMODUnity.csproj", "{5630C99F-FA39-2A44-E89D-2D9466D260FF}"
EndProject
Project("{FAE04EC0-301F-11D3-BF4B-00C04F79EFBC}") = "MoreMountains.Feedbacks.Cinemachine", "MoreMountains.Feedbacks.Cinemachine.csproj", "{5982F826-A85C-09B0-3E10-FC8AE29E0B5C}"
EndProject
Project("{FAE04EC0-301F-11D3-BF4B-00C04F79EFBC}") = "Assembly-CSharp", "Assembly-CSharp.csproj", "{A9F5D5F3-4C4E-9919-94D0-6E1DF02F25D7}"
EndProject
Project("{FAE04EC0-301F-11D3-BF4B-00C04F79EFBC}") = "FMODUnityResonance", "FMODUnityResonance.csproj", "{FBCD3BB1-E850-0649-3FBE-835DFC25CF43}"
EndProject
Project("{FAE04EC0-301F-11D3-BF4B-00C04F79EFBC}") = "Assembly-CSharp-Editor", "Assembly-CSharp-Editor.csproj", "{5DC608E1-5307-B854-8111-2E79B1B8A544}"
EndProject
Project("{FAE04EC0-301F-11D3-BF4B-00C04F79EFBC}") = "MoreMountains.Feedbacks.Authorizations", "MoreMountains.Feedbacks.Authorizations.csproj", "{787F9824-8DBF-B364-1192-7B6E749D77F8}"
EndProject
Global
	GlobalSection(SolutionConfigurationPlatforms) = preSolution
		Debug|Any CPU = Debug|Any CPU
		Release|Any CPU = Release|Any CPU
	EndGlobalSection
	GlobalSection(ProjectConfigurationPlatforms) = postSolution
		{3C8DE112-E51B-C6CF-E980-2C6F07B2167E}.Debug|Any CPU.ActiveCfg = Debug|Any CPU
		{3C8DE112-E51B-C6CF-E980-2C6F07B2167E}.Debug|Any CPU.Build.0 = Debug|Any CPU
		{3C8DE112-E51B-C6CF-E980-2C6F07B2167E}.Release|Any CPU.ActiveCfg = Release|Any CPU
		{3C8DE112-E51B-C6CF-E980-2C6F07B2167E}.Release|Any CPU.Build.0 = Release|Any CPU
		{B5719153-2A29-6F9B-10EF-AD2BA1850558}.Debug|Any CPU.ActiveCfg = Debug|Any CPU
		{B5719153-2A29-6F9B-10EF-AD2BA1850558}.Debug|Any CPU.Build.0 = Debug|Any CPU
		{B5719153-2A29-6F9B-10EF-AD2BA1850558}.Release|Any CPU.ActiveCfg = Release|Any CPU
		{B5719153-2A29-6F9B-10EF-AD2BA1850558}.Release|Any CPU.Build.0 = Release|Any CPU
		{1B598825-0C5E-15F3-04C1-63E3983ADDB9}.Debug|Any CPU.ActiveCfg = Debug|Any CPU
		{1B598825-0C5E-15F3-04C1-63E3983ADDB9}.Debug|Any CPU.Build.0 = Debug|Any CPU
		{1B598825-0C5E-15F3-04C1-63E3983ADDB9}.Release|Any CPU.ActiveCfg = Release|Any CPU
		{1B598825-0C5E-15F3-04C1-63E3983ADDB9}.Release|Any CPU.Build.0 = Release|Any CPU
		{2B1DEDED-BA14-D9CC-2724-85C0AB1617E2}.Debug|Any CPU.ActiveCfg = Debug|Any CPU
		{2B1DEDED-BA14-D9CC-2724-85C0AB1617E2}.Debug|Any CPU.Build.0 = Debug|Any CPU
		{2B1DEDED-BA14-D9CC-2724-85C0AB1617E2}.Release|Any CPU.ActiveCfg = Release|Any CPU
		{2B1DEDED-BA14-D9CC-2724-85C0AB1617E2}.Release|Any CPU.Build.0 = Release|Any CPU
		{A1705A2D-BAB0-477D-3D5A-120803E11684}.Debug|Any CPU.ActiveCfg = Debug|Any CPU
		{A1705A2D-BAB0-477D-3D5A-120803E11684}.Debug|Any CPU.Build.0 = Debug|Any CPU
		{A1705A2D-BAB0-477D-3D5A-120803E11684}.Release|Any CPU.ActiveCfg = Release|Any CPU
		{A1705A2D-BAB0-477D-3D5A-120803E11684}.Release|Any CPU.Build.0 = Release|Any CPU
		{CAF009C7-7EDC-12BF-9921-A180592DEA64}.Debug|Any CPU.ActiveCfg = Debug|Any CPU
		{CAF009C7-7EDC-12BF-9921-A180592DEA64}.Debug|Any CPU.Build.0 = Debug|Any CPU
		{CAF009C7-7EDC-12BF-9921-A180592DEA64}.Release|Any CPU.ActiveCfg = Release|Any CPU
		{CAF009C7-7EDC-12BF-9921-A180592DEA64}.Release|Any CPU.Build.0 = Release|Any CPU
		{42A74883-7AEA-6835-814F-7D2BC0B240B9}.Debug|Any CPU.ActiveCfg = Debug|Any CPU
		{42A74883-7AEA-6835-814F-7D2BC0B240B9}.Debug|Any CPU.Build.0 = Debug|Any CPU
		{42A74883-7AEA-6835-814F-7D2BC0B240B9}.Release|Any CPU.ActiveCfg = Release|Any CPU
		{42A74883-7AEA-6835-814F-7D2BC0B240B9}.Release|Any CPU.Build.0 = Release|Any CPU
		{E5B495F8-6661-EFA0-76A0-FD0EC5C3AEB6}.Debug|Any CPU.ActiveCfg = Debug|Any CPU
		{E5B495F8-6661-EFA0-76A0-FD0EC5C3AEB6}.Debug|Any CPU.Build.0 = Debug|Any CPU
		{E5B495F8-6661-EFA0-76A0-FD0EC5C3AEB6}.Release|Any CPU.ActiveCfg = Release|Any CPU
		{E5B495F8-6661-EFA0-76A0-FD0EC5C3AEB6}.Release|Any CPU.Build.0 = Release|Any CPU
		{8408ACC7-4857-0086-C1BB-F4A491947133}.Debug|Any CPU.ActiveCfg = Debug|Any CPU
		{8408ACC7-4857-0086-C1BB-F4A491947133}.Debug|Any CPU.Build.0 = Debug|Any CPU
		{8408ACC7-4857-0086-C1BB-F4A491947133}.Release|Any CPU.ActiveCfg = Release|Any CPU
		{8408ACC7-4857-0086-C1BB-F4A491947133}.Release|Any CPU.Build.0 = Release|Any CPU
		{667E83D6-B8D0-26A0-4C11-8605F138195D}.Debug|Any CPU.ActiveCfg = Debug|Any CPU
		{667E83D6-B8D0-26A0-4C11-8605F138195D}.Debug|Any CPU.Build.0 = Debug|Any CPU
		{667E83D6-B8D0-26A0-4C11-8605F138195D}.Release|Any CPU.ActiveCfg = Release|Any CPU
		{667E83D6-B8D0-26A0-4C11-8605F138195D}.Release|Any CPU.Build.0 = Release|Any CPU
		{C0B70400-DDAA-BC88-563D-C61EAD4D23CF}.Debug|Any CPU.ActiveCfg = Debug|Any CPU
		{C0B70400-DDAA-BC88-563D-C61EAD4D23CF}.Debug|Any CPU.Build.0 = Debug|Any CPU
		{C0B70400-DDAA-BC88-563D-C61EAD4D23CF}.Release|Any CPU.ActiveCfg = Release|Any CPU
		{C0B70400-DDAA-BC88-563D-C61EAD4D23CF}.Release|Any CPU.Build.0 = Release|Any CPU
		{89BDBE69-64DB-E17B-2792-96AAA082373F}.Debug|Any CPU.ActiveCfg = Debug|Any CPU
		{89BDBE69-64DB-E17B-2792-96AAA082373F}.Debug|Any CPU.Build.0 = Debug|Any CPU
		{89BDBE69-64DB-E17B-2792-96AAA082373F}.Release|Any CPU.ActiveCfg = Release|Any CPU
		{89BDBE69-64DB-E17B-2792-96AAA082373F}.Release|Any CPU.Build.0 = Release|Any CPU
		{FEF0509A-0028-6685-A91C-0617FAB8A650}.Debug|Any CPU.ActiveCfg = Debug|Any CPU
		{FEF0509A-0028-6685-A91C-0617FAB8A650}.Debug|Any CPU.Build.0 = Debug|Any CPU
		{FEF0509A-0028-6685-A91C-0617FAB8A650}.Release|Any CPU.ActiveCfg = Release|Any CPU
		{FEF0509A-0028-6685-A91C-0617FAB8A650}.Release|Any CPU.Build.0 = Release|Any CPU
		{4EC8E2F5-EEDB-1175-F1B6-B2BDF0DA3C15}.Debug|Any CPU.ActiveCfg = Debug|Any CPU
		{4EC8E2F5-EEDB-1175-F1B6-B2BDF0DA3C15}.Debug|Any CPU.Build.0 = Debug|Any CPU
		{4EC8E2F5-EEDB-1175-F1B6-B2BDF0DA3C15}.Release|Any CPU.ActiveCfg = Release|Any CPU
		{4EC8E2F5-EEDB-1175-F1B6-B2BDF0DA3C15}.Release|Any CPU.Build.0 = Release|Any CPU
		{B13FD0FD-DEBD-D2E1-AF75-6AD308CFCAF4}.Debug|Any CPU.ActiveCfg = Debug|Any CPU
		{B13FD0FD-DEBD-D2E1-AF75-6AD308CFCAF4}.Debug|Any CPU.Build.0 = Debug|Any CPU
		{B13FD0FD-DEBD-D2E1-AF75-6AD308CFCAF4}.Release|Any CPU.ActiveCfg = Release|Any CPU
		{B13FD0FD-DEBD-D2E1-AF75-6AD308CFCAF4}.Release|Any CPU.Build.0 = Release|Any CPU
		{77008F4D-A56A-D422-B936-59A34AE46484}.Debug|Any CPU.ActiveCfg = Debug|Any CPU
		{77008F4D-A56A-D422-B936-59A34AE46484}.Debug|Any CPU.Build.0 = Debug|Any CPU
		{77008F4D-A56A-D422-B936-59A34AE46484}.Release|Any CPU.ActiveCfg = Release|Any CPU
		{77008F4D-A56A-D422-B936-59A34AE46484}.Release|Any CPU.Build.0 = Release|Any CPU
		{89B09B70-6549-88AA-7358-DC7DCBCBB0A5}.Debug|Any CPU.ActiveCfg = Debug|Any CPU
		{89B09B70-6549-88AA-7358-DC7DCBCBB0A5}.Debug|Any CPU.Build.0 = Debug|Any CPU
		{89B09B70-6549-88AA-7358-DC7DCBCBB0A5}.Release|Any CPU.ActiveCfg = Release|Any CPU
		{89B09B70-6549-88AA-7358-DC7DCBCBB0A5}.Release|Any CPU.Build.0 = Release|Any CPU
		{463DEBFE-04D0-DF43-0BDE-3E96445360B2}.Debug|Any CPU.ActiveCfg = Debug|Any CPU
		{463DEBFE-04D0-DF43-0BDE-3E96445360B2}.Debug|Any CPU.Build.0 = Debug|Any CPU
		{463DEBFE-04D0-DF43-0BDE-3E96445360B2}.Release|Any CPU.ActiveCfg = Release|Any CPU
		{463DEBFE-04D0-DF43-0BDE-3E96445360B2}.Release|Any CPU.Build.0 = Release|Any CPU
		{3DE86F79-5E64-934E-DF91-4803DD513927}.Debug|Any CPU.ActiveCfg = Debug|Any CPU
		{3DE86F79-5E64-934E-DF91-4803DD513927}.Debug|Any CPU.Build.0 = Debug|Any CPU
		{3DE86F79-5E64-934E-DF91-4803DD513927}.Release|Any CPU.ActiveCfg = Release|Any CPU
		{3DE86F79-5E64-934E-DF91-4803DD513927}.Release|Any CPU.Build.0 = Release|Any CPU
		{C9E922B2-FD2F-E08F-02A0-095F004FCB8D}.Debug|Any CPU.ActiveCfg = Debug|Any CPU
		{C9E922B2-FD2F-E08F-02A0-095F004FCB8D}.Debug|Any CPU.Build.0 = Debug|Any CPU
		{C9E922B2-FD2F-E08F-02A0-095F004FCB8D}.Release|Any CPU.ActiveCfg = Release|Any CPU
		{C9E922B2-FD2F-E08F-02A0-095F004FCB8D}.Release|Any CPU.Build.0 = Release|Any CPU
		{726E77E1-1F8E-8D0D-AB92-F37756E2529E}.Debug|Any CPU.ActiveCfg = Debug|Any CPU
		{726E77E1-1F8E-8D0D-AB92-F37756E2529E}.Debug|Any CPU.Build.0 = Debug|Any CPU
		{726E77E1-1F8E-8D0D-AB92-F37756E2529E}.Release|Any CPU.ActiveCfg = Release|Any CPU
		{726E77E1-1F8E-8D0D-AB92-F37756E2529E}.Release|Any CPU.Build.0 = Release|Any CPU
		{9245EF84-819F-54A2-CBC6-94084EFB0F54}.Debug|Any CPU.ActiveCfg = Debug|Any CPU
		{9245EF84-819F-54A2-CBC6-94084EFB0F54}.Debug|Any CPU.Build.0 = Debug|Any CPU
		{9245EF84-819F-54A2-CBC6-94084EFB0F54}.Release|Any CPU.ActiveCfg = Release|Any CPU
		{9245EF84-819F-54A2-CBC6-94084EFB0F54}.Release|Any CPU.Build.0 = Release|Any CPU
		{45E2EECD-19B3-98EF-F2E8-2922A0ECA9B2}.Debug|Any CPU.ActiveCfg = Debug|Any CPU
		{45E2EECD-19B3-98EF-F2E8-2922A0ECA9B2}.Debug|Any CPU.Build.0 = Debug|Any CPU
		{45E2EECD-19B3-98EF-F2E8-2922A0ECA9B2}.Release|Any CPU.ActiveCfg = Release|Any CPU
		{45E2EECD-19B3-98EF-F2E8-2922A0ECA9B2}.Release|Any CPU.Build.0 = Release|Any CPU
		{5630C99F-FA39-2A44-E89D-2D9466D260FF}.Debug|Any CPU.ActiveCfg = Debug|Any CPU
		{5630C99F-FA39-2A44-E89D-2D9466D260FF}.Debug|Any CPU.Build.0 = Debug|Any CPU
		{5630C99F-FA39-2A44-E89D-2D9466D260FF}.Release|Any CPU.ActiveCfg = Release|Any CPU
		{5630C99F-FA39-2A44-E89D-2D9466D260FF}.Release|Any CPU.Build.0 = Release|Any CPU
		{5982F826-A85C-09B0-3E10-FC8AE29E0B5C}.Debug|Any CPU.ActiveCfg = Debug|Any CPU
		{5982F826-A85C-09B0-3E10-FC8AE29E0B5C}.Debug|Any CPU.Build.0 = Debug|Any CPU
		{5982F826-A85C-09B0-3E10-FC8AE29E0B5C}.Release|Any CPU.ActiveCfg = Release|Any CPU
		{5982F826-A85C-09B0-3E10-FC8AE29E0B5C}.Release|Any CPU.Build.0 = Release|Any CPU
		{A9F5D5F3-4C4E-9919-94D0-6E1DF02F25D7}.Debug|Any CPU.ActiveCfg = Debug|Any CPU
		{A9F5D5F3-4C4E-9919-94D0-6E1DF02F25D7}.Debug|Any CPU.Build.0 = Debug|Any CPU
		{A9F5D5F3-4C4E-9919-94D0-6E1DF02F25D7}.Release|Any CPU.ActiveCfg = Release|Any CPU
		{A9F5D5F3-4C4E-9919-94D0-6E1DF02F25D7}.Release|Any CPU.Build.0 = Release|Any CPU
		{FBCD3BB1-E850-0649-3FBE-835DFC25CF43}.Debug|Any CPU.ActiveCfg = Debug|Any CPU
		{FBCD3BB1-E850-0649-3FBE-835DFC25CF43}.Debug|Any CPU.Build.0 = Debug|Any CPU
		{FBCD3BB1-E850-0649-3FBE-835DFC25CF43}.Release|Any CPU.ActiveCfg = Release|Any CPU
		{FBCD3BB1-E850-0649-3FBE-835DFC25CF43}.Release|Any CPU.Build.0 = Release|Any CPU
		{5DC608E1-5307-B854-8111-2E79B1B8A544}.Debug|Any CPU.ActiveCfg = Debug|Any CPU
		{5DC608E1-5307-B854-8111-2E79B1B8A544}.Debug|Any CPU.Build.0 = Debug|Any CPU
		{5DC608E1-5307-B854-8111-2E79B1B8A544}.Release|Any CPU.ActiveCfg = Release|Any CPU
		{5DC608E1-5307-B854-8111-2E79B1B8A544}.Release|Any CPU.Build.0 = Release|Any CPU
		{787F9824-8DBF-B364-1192-7B6E749D77F8}.Debug|Any CPU.ActiveCfg = Debug|Any CPU
		{787F9824-8DBF-B364-1192-7B6E749D77F8}.Debug|Any CPU.Build.0 = Debug|Any CPU
		{787F9824-8DBF-B364-1192-7B6E749D77F8}.Release|Any CPU.ActiveCfg = Release|Any CPU
		{787F9824-8DBF-B364-1192-7B6E749D77F8}.Release|Any CPU.Build.0 = Release|Any CPU
	EndGlobalSection
	GlobalSection(SolutionProperties) = preSolution
		HideSolutionNode = FALSE
	EndGlobalSection
EndGlobal
